
Microsoft Visual Studio Solution File, Format Version 12.00
# Visual Studio 15
VisualStudioVersion = 15.0.28307.1340
MinimumVisualStudioVersion = 10.0.40219.1
Project("{151D2E53-A2C4-4D7D-83FE-D05416EBD58E}") = "PTVResourceGroup", "PTVResourceGroup\PTVResourceGroup.deployproj", "{A27F3FC7-E7F1-4497-B702-471E60740DD8}"
EndProject
Project("{151D2E53-A2C4-4D7D-83FE-D05416EBD58E}") = "MgmtResourceGroup", "MgmtResourceGroup\MgmtResourceGroup.deployproj", "{3A7598E2-EC4B-4470-9247-9FCC65A0A13C}"
EndProject
Project("{151D2E53-A2C4-4D7D-83FE-D05416EBD58E}") = "DataScienceResourceGroup", "DataScienceResourceGroup\DataScienceResourceGroup.deployproj", "{8207B4AB-E918-496F-8228-22E726E416EB}"
EndProject
Global
	GlobalSection(SolutionConfigurationPlatforms) = preSolution
		Debug|Any CPU = Debug|Any CPU
		Release|Any CPU = Release|Any CPU
	EndGlobalSection
	GlobalSection(ProjectConfigurationPlatforms) = postSolution
		{A27F3FC7-E7F1-4497-B702-471E60740DD8}.Debug|Any CPU.ActiveCfg = Debug|Any CPU
		{A27F3FC7-E7F1-4497-B702-471E60740DD8}.Debug|Any CPU.Build.0 = Debug|Any CPU
		{A27F3FC7-E7F1-4497-B702-471E60740DD8}.Release|Any CPU.ActiveCfg = Release|Any CPU
		{A27F3FC7-E7F1-4497-B702-471E60740DD8}.Release|Any CPU.Build.0 = Release|Any CPU
		{3A7598E2-EC4B-4470-9247-9FCC65A0A13C}.Debug|Any CPU.ActiveCfg = Debug|Any CPU
		{3A7598E2-EC4B-4470-9247-9FCC65A0A13C}.Debug|Any CPU.Build.0 = Debug|Any CPU
		{3A7598E2-EC4B-4470-9247-9FCC65A0A13C}.Release|Any CPU.ActiveCfg = Release|Any CPU
		{3A7598E2-EC4B-4470-9247-9FCC65A0A13C}.Release|Any CPU.Build.0 = Release|Any CPU
		{8207B4AB-E918-496F-8228-22E726E416EB}.Debug|Any CPU.ActiveCfg = Debug|Any CPU
		{8207B4AB-E918-496F-8228-22E726E416EB}.Debug|Any CPU.Build.0 = Debug|Any CPU
		{8207B4AB-E918-496F-8228-22E726E416EB}.Release|Any CPU.ActiveCfg = Release|Any CPU
		{8207B4AB-E918-496F-8228-22E726E416EB}.Release|Any CPU.Build.0 = Release|Any CPU
	EndGlobalSection
	GlobalSection(SolutionProperties) = preSolution
		HideSolutionNode = FALSE
	EndGlobalSection
	GlobalSection(ExtensibilityGlobals) = postSolution
		SolutionGuid = {F35E55F3-7F03-4EA3-B4B9-D6662E834A12}
	EndGlobalSection
EndGlobal
